
Microsoft Visual Studio Solution File, Format Version 12.00
# Visual Studio Version 16
VisualStudioVersion = 16.0.29728.190
MinimumVisualStudioVersion = 10.0.40219.1
Project("{9A19103F-16F7-4668-BE54-9A1E7A4F7556}") = "Nlog.Eventhub", "Nlog.Eventhub\Nlog.Eventhub.csproj", "{DD08FA4F-AB69-4E41-BB0F-FDEBC6E14E77}"
EndProject
Global
	GlobalSection(SolutionConfigurationPlatforms) = preSolution
		Debug|Any CPU = Debug|Any CPU
		Release|Any CPU = Release|Any CPU
	EndGlobalSection
	GlobalSection(ProjectConfigurationPlatforms) = postSolution
		{DD08FA4F-AB69-4E41-BB0F-FDEBC6E14E77}.Debug|Any CPU.ActiveCfg = Debug|Any CPU
		{DD08FA4F-AB69-4E41-BB0F-FDEBC6E14E77}.Debug|Any CPU.Build.0 = Debug|Any CPU
		{DD08FA4F-AB69-4E41-BB0F-FDEBC6E14E77}.Release|Any CPU.ActiveCfg = Release|Any CPU
		{DD08FA4F-AB69-4E41-BB0F-FDEBC6E14E77}.Release|Any CPU.Build.0 = Release|Any CPU
	EndGlobalSection
	GlobalSection(SolutionProperties) = preSolution
		HideSolutionNode = FALSE
	EndGlobalSection
	GlobalSection(ExtensibilityGlobals) = postSolution
		SolutionGuid = {F9FFAD90-2202-4C29-A430-96C16F2C344E}
	EndGlobalSection
EndGlobal
