
Microsoft Visual Studio Solution File, Format Version 12.00
# Visual Studio Version 16
VisualStudioVersion = 16.0.29709.97
MinimumVisualStudioVersion = 10.0.40219.1
Project("{9A19103F-16F7-4668-BE54-9A1E7A4F7556}") = "ElasticTransformation", "Transformation\ElasticTransformation.csproj", "{6949C72F-A803-4582-8628-518F5867B1DE}"
EndProject
Project("{9A19103F-16F7-4668-BE54-9A1E7A4F7556}") = "ElasticTransformation.Tests", "Transformation.Tests\ElasticTransformation.Tests.csproj", "{524E687C-6A04-410F-BFB8-ACE22C592A6C}"
EndProject
Project("{9A19103F-16F7-4668-BE54-9A1E7A4F7556}") = "CreateTrigramTable", "CreateTrigramTable\CreateTrigramTable.csproj", "{DE828466-FEC1-4DC4-A2F0-53BCCCE1CC79}"
EndProject
Global
	GlobalSection(SolutionConfigurationPlatforms) = preSolution
		Debug|Any CPU = Debug|Any CPU
		Release|Any CPU = Release|Any CPU
	EndGlobalSection
	GlobalSection(ProjectConfigurationPlatforms) = postSolution
		{6949C72F-A803-4582-8628-518F5867B1DE}.Debug|Any CPU.ActiveCfg = Debug|Any CPU
		{6949C72F-A803-4582-8628-518F5867B1DE}.Debug|Any CPU.Build.0 = Debug|Any CPU
		{6949C72F-A803-4582-8628-518F5867B1DE}.Release|Any CPU.ActiveCfg = Release|Any CPU
		{6949C72F-A803-4582-8628-518F5867B1DE}.Release|Any CPU.Build.0 = Release|Any CPU
		{524E687C-6A04-410F-BFB8-ACE22C592A6C}.Debug|Any CPU.ActiveCfg = Debug|Any CPU
		{524E687C-6A04-410F-BFB8-ACE22C592A6C}.Debug|Any CPU.Build.0 = Debug|Any CPU
		{524E687C-6A04-410F-BFB8-ACE22C592A6C}.Release|Any CPU.ActiveCfg = Release|Any CPU
		{524E687C-6A04-410F-BFB8-ACE22C592A6C}.Release|Any CPU.Build.0 = Release|Any CPU
		{DE828466-FEC1-4DC4-A2F0-53BCCCE1CC79}.Debug|Any CPU.ActiveCfg = Debug|Any CPU
		{DE828466-FEC1-4DC4-A2F0-53BCCCE1CC79}.Debug|Any CPU.Build.0 = Debug|Any CPU
		{DE828466-FEC1-4DC4-A2F0-53BCCCE1CC79}.Release|Any CPU.ActiveCfg = Release|Any CPU
		{DE828466-FEC1-4DC4-A2F0-53BCCCE1CC79}.Release|Any CPU.Build.0 = Release|Any CPU
	EndGlobalSection
	GlobalSection(SolutionProperties) = preSolution
		HideSolutionNode = FALSE
	EndGlobalSection
	GlobalSection(ExtensibilityGlobals) = postSolution
		SolutionGuid = {D0478702-892C-48AE-AF58-927A7ADC9FD2}
	EndGlobalSection
EndGlobal
